
Microsoft Visual Studio Solution File, Format Version 12.00
# Visual Studio Version 17
VisualStudioVersion = 17.13.35825.156 d17.13
MinimumVisualStudioVersion = 10.0.40219.1
Project("{FAE04EC0-301F-11D3-BF4B-00C04F79EFBC}") = "WebApplication2_For_GraphQl", "WebApplication2_For_GraphQl.csproj", "{DAE180A8-7F05-4127-8456-1D474E9A731A}"
EndProject
Global
	GlobalSection(SolutionConfigurationPlatforms) = preSolution
		Debug|Any CPU = Debug|Any CPU
		Release|Any CPU = Release|Any CPU
	EndGlobalSection
	GlobalSection(ProjectConfigurationPlatforms) = postSolution
		{DAE180A8-7F05-4127-8456-1D474E9A731A}.Debug|Any CPU.ActiveCfg = Debug|Any CPU
		{DAE180A8-7F05-4127-8456-1D474E9A731A}.Debug|Any CPU.Build.0 = Debug|Any CPU
		{DAE180A8-7F05-4127-8456-1D474E9A731A}.Release|Any CPU.ActiveCfg = Release|Any CPU
		{DAE180A8-7F05-4127-8456-1D474E9A731A}.Release|Any CPU.Build.0 = Release|Any CPU
	EndGlobalSection
	GlobalSection(SolutionProperties) = preSolution
		HideSolutionNode = FALSE
	EndGlobalSection
	GlobalSection(ExtensibilityGlobals) = postSolution
		SolutionGuid = {03603924-DDB0-4A16-806E-B9F197AD7B87}
	EndGlobalSection
EndGlobal
